
Microsoft Visual Studio Solution File, Format Version 12.00
# Visual Studio Version 17
VisualStudioVersion = 17.3.32901.215
MinimumVisualStudioVersion = 10.0.40219.1
Project("{FAE04EC0-301F-11D3-BF4B-00C04F79EFBC}") = "Journey-Planner", "Journey-Planner\Journey-Planner.csproj", "{6DA69163-A4CA-4624-A782-42C9D5F4EA2C}"
EndProject
Global
	GlobalSection(SolutionConfigurationPlatforms) = preSolution
		Debug|Any CPU = Debug|Any CPU
		Release|Any CPU = Release|Any CPU
	EndGlobalSection
	GlobalSection(ProjectConfigurationPlatforms) = postSolution
		{6DA69163-A4CA-4624-A782-42C9D5F4EA2C}.Debug|Any CPU.ActiveCfg = Debug|Any CPU
		{6DA69163-A4CA-4624-A782-42C9D5F4EA2C}.Debug|Any CPU.Build.0 = Debug|Any CPU
		{6DA69163-A4CA-4624-A782-42C9D5F4EA2C}.Release|Any CPU.ActiveCfg = Release|Any CPU
		{6DA69163-A4CA-4624-A782-42C9D5F4EA2C}.Release|Any CPU.Build.0 = Release|Any CPU
	EndGlobalSection
	GlobalSection(SolutionProperties) = preSolution
		HideSolutionNode = FALSE
	EndGlobalSection
	GlobalSection(ExtensibilityGlobals) = postSolution
		SolutionGuid = {0776E04D-662E-4827-BBCF-3F55DDF39F34}
	EndGlobalSection
EndGlobal
